
Microsoft Visual Studio Solution File, Format Version 12.00
# Visual Studio Version 16
VisualStudioVersion = 16.0.30717.126
MinimumVisualStudioVersion = 10.0.40219.1
Project("{FAE04EC0-301F-11D3-BF4B-00C04F79EFBC}") = "LMS", "LMS.csproj", "{182A7673-98D3-4DF4-9DB3-A47440EB01CD}"
EndProject
Global
	GlobalSection(SolutionConfigurationPlatforms) = preSolution
		Debug|Any CPU = Debug|Any CPU
		Release|Any CPU = Release|Any CPU
	EndGlobalSection
	GlobalSection(ProjectConfigurationPlatforms) = postSolution
		{182A7673-98D3-4DF4-9DB3-A47440EB01CD}.Debug|Any CPU.ActiveCfg = Debug|Any CPU
		{182A7673-98D3-4DF4-9DB3-A47440EB01CD}.Debug|Any CPU.Build.0 = Debug|Any CPU
		{182A7673-98D3-4DF4-9DB3-A47440EB01CD}.Release|Any CPU.ActiveCfg = Release|Any CPU
		{182A7673-98D3-4DF4-9DB3-A47440EB01CD}.Release|Any CPU.Build.0 = Release|Any CPU
	EndGlobalSection
	GlobalSection(SolutionProperties) = preSolution
		HideSolutionNode = FALSE
	EndGlobalSection
	GlobalSection(ExtensibilityGlobals) = postSolution
		SolutionGuid = {0DFAFDFF-25AB-469D-9816-EA9F32185907}
	EndGlobalSection
EndGlobal
